PODS:
  - audio_session (0.0.1):
    - Flutter
  - charset_converter (0.0.1):
    - Flutter
  - connectivity_plus (0.0.1):
    - Flutter
    - ReachabilitySwift
  - device_info_plus (0.0.1):
    - Flutter
  - DKImagePickerController/Core (4.3.9):
    - DKImagePickerController/ImageDataManager
    - DKImagePickerController/Resource
  - DKImagePickerController/ImageDataManager (4.3.9)
  - DKImagePickerController/PhotoGallery (4.3.9):
    - DKImagePickerController/Core
    - DKPhotoGallery
  - DKImagePickerController/Resource (4.3.9)
  - DKPhotoGallery (0.0.19):
    - DKPhotoGallery/Core (= 0.0.19)
    - DKPhotoGallery/Model (= 0.0.19)
    - DKPhotoGallery/Preview (= 0.0.19)
    - DKPhotoGallery/Resource (= 0.0.19)
    - SDWebImage
    - SwiftyGif
  - DKPhotoGallery/Core (0.0.19):
    - DKPhotoGallery/Model
    - DKPhotoGallery/Preview
    - SDWebImage
    - SwiftyGif
  - DKPhotoGallery/Model (0.0.19):
    - SDWebImage
    - SwiftyGif
  - DKPhotoGallery/Preview (0.0.19):
    - DKPhotoGallery/Model
    - DKPhotoGallery/Resource
    - SDWebImage
    - SwiftyGif
  - DKPhotoGallery/Resource (0.0.19):
    - SDWebImage
    - SwiftyGif
  - file_picker (0.0.1):
    - DKImagePickerController/PhotoGallery
    - Flutter
  - Firebase/Analytics (10.25.0):
    - Firebase/Core
  - Firebase/Core (10.25.0):
    - Firebase/CoreOnly
    - FirebaseAnalytics (~> 10.25.0)
  - Firebase/CoreOnly (10.25.0):
    - FirebaseCore (= 10.25.0)
  - Firebase/Crashlytics (10.25.0):
    - Firebase/CoreOnly
    - FirebaseCrashlytics (~> 10.25.0)
  - Firebase/Messaging (10.25.0):
    - Firebase/CoreOnly
    - FirebaseMessaging (~> 10.25.0)
  - Firebase/RemoteConfig (10.25.0):
    - Firebase/CoreOnly
    - FirebaseRemoteConfig (~> 10.25.0)
  - firebase_analytics (10.10.7):
    - Firebase/Analytics (= 10.25.0)
    - firebase_core
    - Flutter
  - firebase_core (2.32.0):
    - Firebase/CoreOnly (= 10.25.0)
    - Flutter
  - firebase_crashlytics (3.5.7):
    - Firebase/Crashlytics (= 10.25.0)
    - firebase_core
    - Flutter
  - firebase_messaging (14.7.10):
    - Firebase/Messaging (= 10.25.0)
    - firebase_core
    - Flutter
  - firebase_remote_config (4.4.7):
    - Firebase/RemoteConfig (= 10.25.0)
    - firebase_core
    - Flutter
  - FirebaseABTesting (10.29.0):
    - FirebaseCore (~> 10.0)
  - FirebaseAnalytics (10.25.0):
    - FirebaseAnalytics/AdIdSupport (= 10.25.0)
    - FirebaseCore (~> 10.0)
    - FirebaseInstallations (~> 10.0)
    - GoogleUtilities/AppDelegateSwizzler (~> 7.11)
    - GoogleUtilities/MethodSwizzler (~> 7.11)
    - GoogleUtilities/Network (~> 7.11)
    - "GoogleUtilities/NSData+zlib (~> 7.11)"
    - nanopb (< 2.30911.0, >= 2.30908.0)
  - FirebaseAnalytics/AdIdSupport (10.25.0):
    - FirebaseCore (~> 10.0)
    - FirebaseInstallations (~> 10.0)
    - GoogleAppMeasurement (= 10.25.0)
    - GoogleUtilities/AppDelegateSwizzler (~> 7.11)
    - GoogleUtilities/MethodSwizzler (~> 7.11)
    - GoogleUtilities/Network (~> 7.11)
    - "GoogleUtilities/NSData+zlib (~> 7.11)"
    - nanopb (< 2.30911.0, >= 2.30908.0)
  - FirebaseCore (10.25.0):
    - FirebaseCoreInternal (~> 10.0)
    - GoogleUtilities/Environment (~> 7.12)
    - GoogleUtilities/Logger (~> 7.12)
  - FirebaseCoreExtension (10.29.0):
    - FirebaseCore (~> 10.0)
  - FirebaseCoreInternal (10.29.0):
    - "GoogleUtilities/NSData+zlib (~> 7.8)"
  - FirebaseCrashlytics (10.25.0):
    - FirebaseCore (~> 10.5)
    - FirebaseInstallations (~> 10.0)
    - FirebaseRemoteConfigInterop (~> 10.23)
    - FirebaseSessions (~> 10.5)
    - GoogleDataTransport (~> 9.2)
    - GoogleUtilities/Environment (~> 7.8)
    - nanopb (< 2.30911.0, >= 2.30908.0)
    - PromisesObjC (~> 2.1)
  - FirebaseInstallations (10.29.0):
    - FirebaseCore (~> 10.0)
    - GoogleUtilities/Environment (~> 7.8)
    - GoogleUtilities/UserDefaults (~> 7.8)
    - PromisesObjC (~> 2.1)
  - FirebaseMessaging (10.25.0):
    - FirebaseCore (~> 10.0)
    - FirebaseInstallations (~> 10.0)
    - GoogleDataTransport (~> 9.3)
    - GoogleUtilities/AppDelegateSwizzler (~> 7.8)
    - GoogleUtilities/Environment (~> 7.8)
    - GoogleUtilities/Reachability (~> 7.8)
    - GoogleUtilities/UserDefaults (~> 7.8)
    - nanopb (< 2.30911.0, >= 2.30908.0)
  - FirebaseRemoteConfig (10.25.0):
    - FirebaseABTesting (~> 10.0)
    - FirebaseCore (~> 10.0)
    - FirebaseInstallations (~> 10.0)
    - FirebaseRemoteConfigInterop (~> 10.23)
    - FirebaseSharedSwift (~> 10.0)
    - GoogleUtilities/Environment (~> 7.8)
    - "GoogleUtilities/NSData+zlib (~> 7.8)"
  - FirebaseRemoteConfigInterop (10.29.0)
  - FirebaseSessions (10.29.0):
    - FirebaseCore (~> 10.5)
    - FirebaseCoreExtension (~> 10.0)
    - FirebaseInstallations (~> 10.0)
    - GoogleDataTransport (~> 9.2)
    - GoogleUtilities/Environment (~> 7.13)
    - GoogleUtilities/UserDefaults (~> 7.13)
    - nanopb (< 2.30911.0, >= 2.30908.0)
    - PromisesSwift (~> 2.1)
  - FirebaseSharedSwift (10.29.0)
  - fk_user_agent (2.0.0):
    - Flutter
  - Flutter (1.0.0)
  - flutter_inappwebview_ios (0.0.1):
    - Flutter
    - flutter_inappwebview_ios/Core (= 0.0.1)
    - OrderedSet (~> 6.0.3)
  - flutter_inappwebview_ios/Core (0.0.1):
    - Flutter
    - OrderedSet (~> 6.0.3)
  - flutter_local_notifications (0.0.1):
    - Flutter
  - flutter_native_splash (2.4.3):
    - Flutter
  - flutter_secure_storage (6.0.0):
    - Flutter
  - GoogleAppMeasurement (10.25.0):
    - GoogleAppMeasurement/AdIdSupport (= 10.25.0)
    - GoogleUtilities/AppDelegateSwizzler (~> 7.11)
    - GoogleUtilities/MethodSwizzler (~> 7.11)
    - GoogleUtilities/Network (~> 7.11)
    - "GoogleUtilities/NSData+zlib (~> 7.11)"
    - nanopb (< 2.30911.0, >= 2.30908.0)
  - GoogleAppMeasurement/AdIdSupport (10.25.0):
    - GoogleAppMeasurement/WithoutAdIdSupport (= 10.25.0)
    - GoogleUtilities/AppDelegateSwizzler (~> 7.11)
    - GoogleUtilities/MethodSwizzler (~> 7.11)
    - GoogleUtilities/Network (~> 7.11)
    - "GoogleUtilities/NSData+zlib (~> 7.11)"
    - nanopb (< 2.30911.0, >= 2.30908.0)
  - GoogleAppMeasurement/WithoutAdIdSupport (10.25.0):
    - GoogleUtilities/AppDelegateSwizzler (~> 7.11)
    - GoogleUtilities/MethodSwizzler (~> 7.11)
    - GoogleUtilities/Network (~> 7.11)
    - "GoogleUtilities/NSData+zlib (~> 7.11)"
    - nanopb (< 2.30911.0, >= 2.30908.0)
  - GoogleDataTransport (9.4.1):
    - GoogleUtilities/Environment (~> 7.7)
    - nanopb (< 2.30911.0, >= 2.30908.0)
    - PromisesObjC (< 3.0, >= 1.2)
  - GoogleMLKit/BarcodeScanning (6.0.0):
    - GoogleMLKit/MLKitCore
    - MLKitBarcodeScanning (~> 5.0.0)
  - GoogleMLKit/MLKitCore (6.0.0):
    - MLKitCommon (~> 11.0.0)
  - GoogleToolboxForMac/Defines (4.2.1)
  - GoogleToolboxForMac/Logger (4.2.1):
    - GoogleToolboxForMac/Defines (= 4.2.1)
  - "GoogleToolboxForMac/NSData+zlib (4.2.1)":
    - GoogleToolboxForMac/Defines (= 4.2.1)
  - GoogleUtilities/AppDelegateSwizzler (7.13.3):
    - GoogleUtilities/Environment
    - GoogleUtilities/Logger
    - GoogleUtilities/Network
    - GoogleUtilities/Privacy
  - GoogleUtilities/Environment (7.13.3):
    - GoogleUtilities/Privacy
    - PromisesObjC (< 3.0, >= 1.2)
  - GoogleUtilities/Logger (7.13.3):
    - GoogleUtilities/Environment
    - GoogleUtilities/Privacy
  - GoogleUtilities/MethodSwizzler (7.13.3):
    - GoogleUtilities/Logger
    - GoogleUtilities/Privacy
  - GoogleUtilities/Network (7.13.3):
    - GoogleUtilities/Logger
    - "GoogleUtilities/NSData+zlib"
    - GoogleUtilities/Privacy
    - GoogleUtilities/Reachability
  - "GoogleUtilities/NSData+zlib (7.13.3)":
    - GoogleUtilities/Privacy
  - GoogleUtilities/Privacy (7.13.3)
  - GoogleUtilities/Reachability (7.13.3):
    - GoogleUtilities/Logger
    - GoogleUtilities/Privacy
  - GoogleUtilities/UserDefaults (7.13.3):
    - GoogleUtilities/Logger
    - GoogleUtilities/Privacy
  - GoogleUtilitiesComponents (1.1.0):
    - GoogleUtilities/Logger
  - GTMSessionFetcher/Core (3.5.0)
  - image_picker_ios (0.0.1):
    - Flutter
  - in_app_review (2.0.0):
    - Flutter
  - just_audio (0.0.1):
    - Flutter
    - FlutterMacOS
  - local_auth_darwin (0.0.1):
    - Flutter
    - FlutterMacOS
  - MLImage (1.0.0-beta5)
  - MLKitBarcodeScanning (5.0.0):
    - MLKitCommon (~> 11.0)
    - MLKitVision (~> 7.0)
  - MLKitCommon (11.0.0):
    - GoogleDataTransport (< 10.0, >= 9.4.1)
    - GoogleToolboxForMac/Logger (< 5.0, >= 4.2.1)
    - "GoogleToolboxForMac/NSData+zlib (< 5.0, >= 4.2.1)"
    - GoogleUtilities/UserDefaults (< 8.0, >= 7.13.0)
    - GoogleUtilitiesComponents (~> 1.0)
    - GTMSessionFetcher/Core (< 4.0, >= 3.3.2)
  - MLKitVision (7.0.0):
    - GoogleToolboxForMac/Logger (< 5.0, >= 4.2.1)
    - "GoogleToolboxForMac/NSData+zlib (< 5.0, >= 4.2.1)"
    - GTMSessionFetcher/Core (< 4.0, >= 3.3.2)
    - MLImage (= 1.0.0-beta5)
    - MLKitCommon (~> 11.0)
  - mobile_scanner (5.2.3):
    - Flutter
    - GoogleMLKit/BarcodeScanning (~> 6.0.0)
  - nanopb (2.30910.0):
    - nanopb/decode (= 2.30910.0)
    - nanopb/encode (= 2.30910.0)
  - nanopb/decode (2.30910.0)
  - nanopb/encode (2.30910.0)
  - open_filex (0.0.2):
    - Flutter
  - OrderedSet (6.0.3)
  - package_info_plus (0.4.5):
    - Flutter
  - permission_handler_apple (9.3.0):
    - Flutter
  - PromisesObjC (2.4.0)
  - PromisesSwift (2.4.0):
    - PromisesObjC (= 2.4.0)
  - ReachabilitySwift (5.2.4)
  - rive_native (0.0.1):
    - Flutter
  - SDWebImage (5.21.7):
    - SDWebImage/Core (= 5.21.7)
  - SDWebImage/Core (5.21.7)
  - share_plus (0.0.1):
    - Flutter
  - shared_preferences_foundation (0.0.1):
    - Flutter
    - FlutterMacOS
  - sqflite_darwin (0.0.4):
    - Flutter
    - FlutterMacOS
  - SwiftyGif (5.4.5)
  - url_launcher_ios (0.0.1):
    - Flutter
  - video_player_avfoundation (0.0.1):
    - Flutter
    - FlutterMacOS
  - wakelock_plus (0.0.1):
    - Flutter
  - webview_flutter_wkwebview (0.0.1):
    - Flutter
    - FlutterMacOS

DEPENDENCIES:
  - audio_session (from `.symlinks/plugins/audio_session/ios`)
  - charset_converter (from `.symlinks/plugins/charset_converter/ios`)
  - connectivity_plus (from `.symlinks/plugins/connectivity_plus/ios`)
  - device_info_plus (from `.symlinks/plugins/device_info_plus/ios`)
  - file_picker (from `.symlinks/plugins/file_picker/ios`)
  - firebase_analytics (from `.symlinks/plugins/firebase_analytics/ios`)
  - firebase_core (from `.symlinks/plugins/firebase_core/ios`)
  - firebase_crashlytics (from `.symlinks/plugins/firebase_crashlytics/ios`)
  - firebase_messaging (from `.symlinks/plugins/firebase_messaging/ios`)
  - firebase_remote_config (from `.symlinks/plugins/firebase_remote_config/ios`)
  - fk_user_agent (from `.symlinks/plugins/fk_user_agent/ios`)
  - Flutter (from `Flutter`)
  - flutter_inappwebview_ios (from `.symlinks/plugins/flutter_inappwebview_ios/ios`)
  - flutter_local_notifications (from `.symlinks/plugins/flutter_local_notifications/ios`)
  - flutter_native_splash (from `.symlinks/plugins/flutter_native_splash/ios`)
  - flutter_secure_storage (from `.symlinks/plugins/flutter_secure_storage/ios`)
  - image_picker_ios (from `.symlinks/plugins/image_picker_ios/ios`)
  - in_app_review (from `.symlinks/plugins/in_app_review/ios`)
  - just_audio (from `.symlinks/plugins/just_audio/darwin`)
  - local_auth_darwin (from `.symlinks/plugins/local_auth_darwin/darwin`)
  - mobile_scanner (from `.symlinks/plugins/mobile_scanner/ios`)
  - open_filex (from `.symlinks/plugins/open_filex/ios`)
  - package_info_plus (from `.symlinks/plugins/package_info_plus/ios`)
  - permission_handler_apple (from `.symlinks/plugins/permission_handler_apple/ios`)
  - rive_native (from `.symlinks/plugins/rive_native/ios`)
  - share_plus (from `.symlinks/plugins/share_plus/ios`)
  - shared_preferences_foundation (from `.symlinks/plugins/shared_preferences_foundation/darwin`)
  - sqflite_darwin (from `.symlinks/plugins/sqflite_darwin/darwin`)
  - url_launcher_ios (from `.symlinks/plugins/url_launcher_ios/ios`)
  - video_player_avfoundation (from `.symlinks/plugins/video_player_avfoundation/darwin`)
  - wakelock_plus (from `.symlinks/plugins/wakelock_plus/ios`)
  - webview_flutter_wkwebview (from `.symlinks/plugins/webview_flutter_wkwebview/darwin`)

SPEC REPOS:
  trunk:
    - DKImagePickerController
    - DKPhotoGallery
    - Firebase
    - FirebaseABTesting
    - FirebaseAnalytics
    - FirebaseCore
    - FirebaseCoreExtension
    - FirebaseCoreInternal
    - FirebaseCrashlytics
    - FirebaseInstallations
    - FirebaseMessaging
    - FirebaseRemoteConfig
    - FirebaseRemoteConfigInterop
    - FirebaseSessions
    - FirebaseSharedSwift
    - GoogleAppMeasurement
    - GoogleDataTransport
    - GoogleMLKit
    - GoogleToolboxForMac
    - GoogleUtilities
    - GoogleUtilitiesComponents
    - GTMSessionFetcher
    - MLImage
    - MLKitBarcodeScanning
    - MLKitCommon
    - MLKitVision
    - nanopb
    - OrderedSet
    - PromisesObjC
    - PromisesSwift
    - ReachabilitySwift
    - SDWebImage
    - SwiftyGif

EXTERNAL SOURCES:
  audio_session:
    :path: ".symlinks/plugins/audio_session/ios"
  charset_converter:
    :path: ".symlinks/plugins/charset_converter/ios"
  connectivity_plus:
    :path: ".symlinks/plugins/connectivity_plus/ios"
  device_info_plus:
    :path: ".symlinks/plugins/device_info_plus/ios"
  file_picker:
    :path: ".symlinks/plugins/file_picker/ios"
  firebase_analytics:
    :path: ".symlinks/plugins/firebase_analytics/ios"
  firebase_core:
    :path: ".symlinks/plugins/firebase_core/ios"
  firebase_crashlytics:
    :path: ".symlinks/plugins/firebase_crashlytics/ios"
  firebase_messaging:
    :path: ".symlinks/plugins/firebase_messaging/ios"
  firebase_remote_config:
    :path: ".symlinks/plugins/firebase_remote_config/ios"
  fk_user_agent:
    :path: ".symlinks/plugins/fk_user_agent/ios"
  Flutter:
    :path: Flutter
  flutter_inappwebview_ios:
    :path: ".symlinks/plugins/flutter_inappwebview_ios/ios"
  flutter_local_notifications:
    :path: ".symlinks/plugins/flutter_local_notifications/ios"
  flutter_native_splash:
    :path: ".symlinks/plugins/flutter_native_splash/ios"
  flutter_secure_storage:
    :path: ".symlinks/plugins/flutter_secure_storage/ios"
  image_picker_ios:
    :path: ".symlinks/plugins/image_picker_ios/ios"
  in_app_review:
    :path: ".symlinks/plugins/in_app_review/ios"
  just_audio:
    :path: ".symlinks/plugins/just_audio/darwin"
  local_auth_darwin:
    :path: ".symlinks/plugins/local_auth_darwin/darwin"
  mobile_scanner:
    :path: ".symlinks/plugins/mobile_scanner/ios"
  open_filex:
    :path: ".symlinks/plugins/open_filex/ios"
  package_info_plus:
    :path: ".symlinks/plugins/package_info_plus/ios"
  permission_handler_apple:
    :path: ".symlinks/plugins/permission_handler_apple/ios"
  rive_native:
    :path: ".symlinks/plugins/rive_native/ios"
  share_plus:
    :path: ".symlinks/plugins/share_plus/ios"
  shared_preferences_foundation:
    :path: ".symlinks/plugins/shared_preferences_foundation/darwin"
  sqflite_darwin:
    :path: ".symlinks/plugins/sqflite_darwin/darwin"
  url_launcher_ios:
    :path: ".symlinks/plugins/url_launcher_ios/ios"
  video_player_avfoundation:
    :path: ".symlinks/plugins/video_player_avfoundation/darwin"
  wakelock_plus:
    :path: ".symlinks/plugins/wakelock_plus/ios"
  webview_flutter_wkwebview:
    :path: ".symlinks/plugins/webview_flutter_wkwebview/darwin"

SPEC CHECKSUMS:
  audio_session: 19e9480dbdd4e5f6c4543826b2e8b0e4ab6145fe
  charset_converter: 215c7b04932ec2b9ba43be96a9bc34afed3e5322
  connectivity_plus: bf0076dd84a130856aa636df1c71ccaff908fa1d
  device_info_plus: c6fb39579d0f423935b0c9ce7ee2f44b71b9fce6
  DKImagePickerController: 946cec48c7873164274ecc4624d19e3da4c1ef3c
  DKPhotoGallery: b3834fecb755ee09a593d7c9e389d8b5d6deed60
  file_picker: b159e0c068aef54932bb15dc9fd1571818edaf49
  Firebase: 0312a2352584f782ea56f66d91606891d4607f06
  firebase_analytics: cc06e24d6a2343c44f845b3112143db72d10ef78
  firebase_core: a626d00494efa398e7c54f25f1454a64c8abf197
  firebase_crashlytics: 17e856fabec68d993662abaf2f6fe2413f0abece
  firebase_messaging: 1541105e2a2a6ef8bd869bcc44157d31e82f3a50
  firebase_remote_config: 7b05c80210ab558c80f7a756681022b4ee98eea0
  FirebaseABTesting: d87f56707159bae64e269757a6e963d490f2eebe
  FirebaseAnalytics: ec00fe8b93b41dc6fe4a28784b8e51da0647a248
  FirebaseCore: 7ec4d0484817f12c3373955bc87762d96842d483
  FirebaseCoreExtension: 705ca5b14bf71d2564a0ddc677df1fc86ffa600f
  FirebaseCoreInternal: df84dd300b561c27d5571684f389bf60b0a5c934
  FirebaseCrashlytics: 4b96efb0ce73b38b2a85e8b8bd1bd8f63f09d015
  FirebaseInstallations: 913cf60d0400ebd5d6b63a28b290372ab44590dd
  FirebaseMessaging: 88950ba9485052891ebe26f6c43a52bb62248952
  FirebaseRemoteConfig: 9f3935cefecd85d5b312192117f444957de24a75
  FirebaseRemoteConfigInterop: 6efda51fb5e2f15b16585197e26eaa09574e8a4d
  FirebaseSessions: dbd14adac65ce996228652c1fc3a3f576bdf3ecc
  FirebaseSharedSwift: 20530f495084b8d840f78a100d8c5ee613375f6e
  fk_user_agent: 1f47ec39291e8372b1d692b50084b0d54103c545
  Flutter: cabc95a1d2626b1b06e7179b784ebcf0c0cde467
  flutter_inappwebview_ios: 6f63631e2c62a7c350263b13fa5427aedefe81d4
  flutter_local_notifications: ff50f8405aaa0ccdc7dcfb9022ca192e8ad9688f
  flutter_native_splash: df59bb2e1421aa0282cb2e95618af4dcb0c56c29
  flutter_secure_storage: d33dac7ae2ea08509be337e775f6b59f1ff45f12
  GoogleAppMeasurement: 9abf64b682732fed36da827aa2a68f0221fd2356
  GoogleDataTransport: 6c09b596d841063d76d4288cc2d2f42cc36e1e2a
  GoogleMLKit: 97ac7af399057e99182ee8edfa8249e3226a4065
  GoogleToolboxForMac: d1a2cbf009c453f4d6ded37c105e2f67a32206d8
  GoogleUtilities: ea963c370a38a8069cc5f7ba4ca849a60b6d7d15
  GoogleUtilitiesComponents: 679b2c881db3b615a2777504623df6122dd20afe
  GTMSessionFetcher: 5aea5ba6bd522a239e236100971f10cb71b96ab6
  image_picker_ios: 4f2f91b01abdb52842a8e277617df877e40f905b
  in_app_review: 436034b18594851a7328d7f1c2ed5ec235b79cfc
  just_audio: a42c63806f16995daf5b219ae1d679deb76e6a79
  local_auth_darwin: 63c73d6d28cc3e239be2b6aa460ea6e317cd5100
  MLImage: 1824212150da33ef225fbd3dc49f184cf611046c
  MLKitBarcodeScanning: 10ca0845a6d15f2f6e911f682a1998b68b973e8b
  MLKitCommon: afec63980417d29ffbb4790529a1b0a2291699e1
  MLKitVision: e858c5f125ecc288e4a31127928301eaba9ae0c1
  mobile_scanner: 96e91f2e1fb396bb7df8da40429ba8dfad664740
  nanopb: 438bc412db1928dac798aa6fd75726007be04262
  open_filex: 6e26e659846ec990262224a12ef1c528bb4edbe4
  OrderedSet: e539b66b644ff081c73a262d24ad552a69be3a94
  package_info_plus: c0502532a26c7662a62a356cebe2692ec5fe4ec4
  permission_handler_apple: 9878588469a2b0d0fc1e048d9f43605f92e6cec2
  PromisesObjC: f5707f49cb48b9636751c5b2e7d227e43fba9f47
  PromisesSwift: 9d77319bbe72ebf6d872900551f7eeba9bce2851
  ReachabilitySwift: 32793e867593cfc1177f5d16491e3a197d2fccda
  rive_native: 53eb55fe169ac818c55c661c13a1e7482d34280a
  SDWebImage: e9fc87c1aab89a8ab1bbd74eba378c6f53be8abf
  share_plus: 8b6f8b3447e494cca5317c8c3073de39b3600d1f
  shared_preferences_foundation: 5086985c1d43c5ba4d5e69a4e8083a389e2909e6
  sqflite_darwin: 5a7236e3b501866c1c9befc6771dfd73ffb8702d
  SwiftyGif: 706c60cf65fa2bc5ee0313beece843c8eb8194d4
  url_launcher_ios: bb13df5870e8c4234ca12609d04010a21be43dfa
  video_player_avfoundation: 7993f492ae0bd77edaea24d9dc051d8bb2cd7c86
  wakelock_plus: 76957ab028e12bfa4e66813c99e46637f367fc7e
  webview_flutter_wkwebview: 29eb20d43355b48fe7d07113835b9128f84e3af4

PODFILE CHECKSUM: 6c175b964089dc43deb5fc3bb6736d11a9c1c116

COCOAPODS: 1.16.2
